// !$*UTF8*$!
{
	archiveVersion = 1;
	classes = {
	};
	objectVersion = 46;
	objects = {

/* Begin PBXBuildFile section */
		04E97C411B22BDCC009B2C0D /* AppDelegate.swift in Sources */ = {isa = PBXBuildFile; fileRef = 04E97C401B22BDCC009B2C0D /* AppDelegate.swift */; };
		04E97C431B22BDCC009B2C0D /* ViewController.swift in Sources */ = {isa = PBXBuildFile; fileRef = 04E97C421B22BDCC009B2C0D /* ViewController.swift */; };
		04E97C461B22BDCC009B2C0D /* Main.storyboard in Resources */ = {isa = PBXBuildFile; fileRef = 04E97C441B22BDCC009B2C0D /* Main.storyboard */; };
		04E97C481B22BDCC009B2C0D /* Images.xcassets in Resources */ = {isa = PBXBuildFile; fileRef = 04E97C471B22BDCC009B2C0D /* Images.xcassets */; };
		04E97C4B1B22BDCC009B2C0D /* LaunchScreen.xib in Resources */ = {isa = PBXBuildFile; fileRef = 04E97C491B22BDCC009B2C0D /* LaunchScreen.xib */; };
		04E97C571B22BDCD009B2C0D /* testingTests.swift in Sources */ = {isa = PBXBuildFile; fileRef = 04E97C561B22BDCD009B2C0D /* testingTests.swift */; };
/* End PBXBuildFile section */

/* Begin PBXContainerItemProxy section */
		04E97C511B22BDCD009B2C0D /* PBXContainerItemProxy */ = {
			isa = PBXContainerItemProxy;
			containerPortal = 04E97C331B22BDCC009B2C0D /* Project object */;
			proxyType = 1;
			remoteGlobalIDString = 04E97C3A1B22BDCC009B2C0D;
			remoteInfo = testing;
		};
/* End PBXContainerItemProxy section */

/* Begin PBXFileReference section */
		04E97C3B1B22BDCC009B2C0D /* testing.app */ = {isa = PBXFileReference; explicitFileType = wrapper.application; includeInIndex = 0; path = testing.app; sourceTree = BUILT_PRODUCTS_DIR; };
		04E97C3F1B22BDCC009B2C0D /* Info.plist */ = {isa = PBXFileReference; lastKnownFileType = text.plist.xml; path = Info.plist; sourceTree = "<group>"; };
		04E97C401B22BDCC009B2C0D /* AppDelegate.swift */ = {isa = PBXFileReference; lastKnownFileType = sourcecode.swift; path = AppDelegate.swift; sourceTree = "<group>"; };
		04E97C421B22BDCC009B2C0D /* ViewController.swift */ = {isa = PBXFileReference; lastKnownFileType = sourcecode.swift; path = ViewController.swift; sourceTree = "<group>"; };
		04E97C451B22BDCC009B2C0D /* Base */ = {isa = PBXFileReference; lastKnownFileType = file.storyboard; name = Base; path = Base.lproj/Main.storyboard; sourceTree = "<group>"; };
		04E97C471B22BDCC009B2C0D /* Images.xcassets */ = {isa = PBXFileReference; lastKnownFileType = folder.assetcatalog; path = Images.xcassets; sourceTree = "<group>"; };
		04E97C4A1B22BDCC009B2C0D /* Base */ = {isa = PBXFileReference; lastKnownFileType = file.xib; name = Base; path = Base.lproj/LaunchScreen.xib; sourceTree = "<group>"; };
		04E97C501B22BDCD009B2C0D /* testingTests.xctest */ = {isa = PBXFileReference; explicitFileType = wrapper.cfbundle; includeInIndex = 0; path = testingTests.xctest; sourceTree = BUILT_PRODUCTS_DIR; };
		04E97C551B22BDCD009B2C0D /* Info.plist */ = {isa = PBXFileReference; lastKnownFileType = text.plist.xml; path = Info.plist; sourceTree = "<group>"; };
		04E97C561B22BDCD009B2C0D /* testingTests.swift */ = {isa = PBXFileReference; lastKnownFileType = sourcecode.swift; path = testingTests.swift; sourceTree = "<group>"; };
/* End PBXFileReference section */

/* Begin PBXFrameworksBuildPhase section */
		04E97C381B22BDCC009B2C0D /* Frameworks */ = {
			isa = PBXFrameworksBuildPhase;
			buildActionMask = 2147483647;
			files = (
			);
			runOnlyForDeploymentPostprocessing = 0;
		};
		04E97C4D1B22BDCD009B2C0D /* Frameworks */ = {
			isa = PBXFrameworksBuildPhase;
			buildActionMask = 2147483647;
			files = (
			);
			runOnlyForDeploymentPostprocessing = 0;
		};
/* End PBXFrameworksBuildPhase section */

/* Begin PBXGroup section */
		04E97C321B22BDCC009B2C0D = {
			isa = PBXGroup;
			children = (
				04E97C3D1B22BDCC009B2C0D /* testing */,
				04E97C531B22BDCD009B2C0D /* testingTests */,
				04E97C3C1B22BDCC009B2C0D /* Products */,
			);
			sourceTree = "<group>";
		};
		04E97C3C1B22BDCC009B2C0D /* Products */ = {
			isa = PBXGroup;
			children = (
				04E97C3B1B22BDCC009B2C0D /* testing.app */,
				04E97C501B22BDCD009B2C0D /* testingTests.xctest */,
			);
			name = Products;
			sourceTree = "<group>";
		};
		04E97C3D1B22BDCC009B2C0D /* testing */ = {
			isa = PBXGroup;
			children = (
				04E97C401B22BDCC009B2C0D /* AppDelegate.swift */,
				04E97C421B22BDCC009B2C0D /* ViewController.swift */,
				04E97C441B22BDCC009B2C0D /* Main.storyboard */,
				04E97C471B22BDCC009B2C0D /* Images.xcassets */,
				04E97C491B22BDCC009B2C0D /* LaunchScreen.xib */,
				04E97C3E1B22BDCC009B2C0D /* Supporting Files */,
			);
			path = testing;
			sourceTree = "<group>";
		};
		04E97C3E1B22BDCC009B2C0D /* Supporting Files */ = {
			isa = PBXGroup;
			children = (
				04E97C3F1B22BDCC009B2C0D /* Info.plist */,
			);
			name = "Supporting Files";
			sourceTree = "<group>";
		};
		04E97C531B22BDCD009B2C0D /* testingTests */ = {
			isa = PBXGroup;
			children = (
				04E97C561B22BDCD009B2C0D /* testingTests.swift */,
				04E97C541B22BDCD009B2C0D /* Supporting Files */,
			);
			path = testingTests;
			sourceTree = "<group>";
		};
		04E97C541B22BDCD009B2C0D /* Supporting Files */ = {
			isa = PBXGroup;
			children = (
				04E97C551B22BDCD009B2C0D /* Info.plist */,
			);
			name = "Supporting Files";
			sourceTree = "<group>";
		};
/* End PBXGroup section */

/* Begin PBXNativeTarget section */
		04E97C3A1B22BDCC009B2C0D /* testing */ = {
			isa = PBXNativeTarget;
			buildConfigurationList = 04E97C5A1B22BDCD009B2C0D /* Build configuration list for PBXNativeTarget "testing" */;
			buildPhases = (
				04E97C371B22BDCC009B2C0D /* Sources */,
				04E97C381B22BDCC009B2C0D /* Frameworks */,
				04E97C391B22BDCC009B2C0D /* Resources */,
			);
			buildRules = (
			);
			dependencies = (
			);
			name = testing;
			productName = testing;
			productReference = 04E97C3B1B22BDCC009B2C0D /* testing.app */;
			productType = "com.apple.product-type.application";
		};
		04E97C4F1B22BDCD009B2C0D /* testingTests */ = {
			isa = PBXNativeTarget;
			buildConfigurationList = 04E97C5D1B22BDCD009B2C0D /* Build configuration list for PBXNativeTarget "testingTests" */;
			buildPhases = (
				04E97C4C1B22BDCD009B2C0D /* Sources */,
				04E97C4D1B22BDCD009B2C0D /* Frameworks */,
				04E97C4E1B22BDCD009B2C0D /* Resources */,
			);
			buildRules = (
			);
			dependencies = (
				04E97C521B22BDCD009B2C0D /* PBXTargetDependency */,
			);
			name = testingTests;
			productName = testingTests;
			productReference = 04E97C501B22BDCD009B2C0D /* testingTests.xctest */;
			productType = "com.apple.product-type.bundle.unit-test";
		};
/* End PBXNativeTarget section */

/* Begin PBXProject section */
		04E97C331B22BDCC009B2C0D /* Project object */ = {
			isa = PBXProject;
			attributes = {
				LastUpgradeCheck = 0630;
				ORGANIZATIONNAME = "Variya Soft Solutions";
				TargetAttributes = {
					04E97C3A1B22BDCC009B2C0D = {
						CreatedOnToolsVersion = 6.3.1;
					};
					04E97C4F1B22BDCD009B2C0D = {
						CreatedOnToolsVersion = 6.3.1;
						TestTargetID = 04E97C3A1B22BDCC009B2C0D;
					};
				};
			};
			buildConfigurationList = 04E97C361B22BDCC009B2C0D /* Build configuration list for PBXProject "testing" */;
			compatibilityVersion = "Xcode 3.2";
			developmentRegion = English;
			hasScannedForEncodings = 0;
			knownRegions = (
				en,
				Base,
			);
			mainGroup = 04E97C321B22BDCC009B2C0D;
			productRefGroup = 04E97C3C1B22BDCC009B2C0D /* Products */;
			projectDirPath = "";
			projectRoot = "";
			targets = (
				04E97C3A1B22BDCC009B2C0D /* testing */,
				04E97C4F1B22BDCD009B2C0D /* testingTests */,
			);
		};
/* End PBXProject section */

/* Begin PBXResourcesBuildPhase section */
		04E97C391B22BDCC009B2C0D /* Resources */ = {
			isa = PBXResourcesBuildPhase;
			buildActionMask = 2147483647;
			files = (
				04E97C461B22BDCC009B2C0D /* Main.storyboard in Resources */,
				04E97C4B1B22BDCC009B2C0D /* LaunchScreen.xib in Resources */,
				04E97C481B22BDCC009B2C0D /* Images.xcassets in Resources */,
			);
			runOnlyForDeploymentPostprocessing = 0;
		};
		04E97C4E1B22BDCD009B2C0D /* Resources */ = {
			isa = PBXResourcesBuildPhase;
			buildActionMask = 2147483647;
			files = (
			);
			runOnlyForDeploymentPostprocessing = 0;
		};
/* End PBXResourcesBuildPhase section */

/* Begin PBXSourcesBuildPhase section */
		04E97C371B22BDCC009B2C0D /* Sources */ = {
			isa = PBXSourcesBuildPhase;
			buildActionMask = 2147483647;
			files = (
				04E97C431B22BDCC009B2C0D /* ViewController.swift in Sources */,
				04E97C411B22BDCC009B2C0D /* AppDelegate.swift in Sources */,
			);
			runOnlyForDeploymentPostprocessing = 0;
		};
		04E97C4C1B22BDCD009B2C0D /* Sources */ = {
			isa = PBXSourcesBuildPhase;
			buildActionMask = 2147483647;
			files = (
				04E97C571B22BDCD009B2C0D /* testingTests.swift in Sources */,
			);
			runOnlyForDeploymentPostprocessing = 0;
		};
/* End PBXSourcesBuildPhase section */

/* Begin PBXTargetDependency section */
		04E97C521B22BDCD009B2C0D /* PBXTargetDependency */ = {
			isa = PBXTargetDependency;
			target = 04E97C3A1B22BDCC009B2C0D /* testing */;
			targetProxy = 04E97C511B22BDCD009B2C0D /* PBXContainerItemProxy */;
		};
/* End PBXTargetDependency section */

/* Begin PBXVariantGroup section */
		04E97C441B22BDCC009B2C0D /* Main.storyboard */ = {
			isa = PBXVariantGroup;
			children = (
				04E97C451B22BDCC009B2C0D /* Base */,
			);
			name = Main.storyboard;
			sourceTree = "<group>";
		};
		04E97C491B22BDCC009B2C0D /* LaunchScreen.xib */ = {
			isa = PBXVariantGroup;
			children = (
				04E97C4A1B22BDCC009B2C0D /* Base */,
			);
			name = LaunchScreen.xib;
			sourceTree = "<group>";
		};
/* End PBXVariantGroup section */

/* Begin XCBuildConfiguration section */
		04E97C581B22BDCD009B2C0D /* Debug */ = {
			isa = XCBuildConfiguration;
			buildSettings = {
				ALWAYS_SEARCH_USER_PATHS = NO;
				CLANG_CXX_LANGUAGE_STANDARD = "gnu++0x";
				CLANG_CXX_LIBRARY = "libc++";
				CLANG_ENABLE_MODULES = YES;
				CLANG_ENABLE_OBJC_ARC = YES;
				CLANG_WARN_BOOL_CONVERSION = YES;
				CLANG_WARN_CONSTANT_CONVERSION = YES;
				CLANG_WARN_DIRECT_OBJC_ISA_USAGE = YES_ERROR;
				CLANG_WARN_EMPTY_BODY = YES;
				CLANG_WARN_ENUM_CONVERSION = YES;
				CLANG_WARN_INT_CONVERSION = YES;
				CLANG_WARN_OBJC_ROOT_CLASS = YES_ERROR;
				CLANG_WARN_UNREACHABLE_CODE = YES;
				CLANG_WARN__DUPLICATE_METHOD_MATCH = YES;
				"CODE_SIGN_IDENTITY[sdk=iphoneos*]" = "iPhone Developer";
				COPY_PHASE_STRIP = NO;
				DEBUG_INFORMATION_FORMAT = "dwarf-with-dsym";
				ENABLE_STRICT_OBJC_MSGSEND = YES;
				GCC_C_LANGUAGE_STANDARD = gnu99;
				GCC_DYNAMIC_NO_PIC = NO;
				GCC_NO_COMMON_BLOCKS = YES;
				GCC_OPTIMIZATION_LEVEL = 0;
				GCC_PREPROCESSOR_DEFINITIONS = (
					"DEBUG=1",
					"$(inherited)",
				);
				GCC_SYMBOLS_PRIVATE_EXTERN = NO;
				GCC_WARN_64_TO_32_BIT_CONVERSION = YES;
				GCC_WARN_ABOUT_RETURN_TYPE = YES_ERROR;
				GCC_WARN_UNDECLARED_SELECTOR = YES;
				GCC_WARN_UNINITIALIZED_AUTOS = YES_AGGRESSIVE;
				GCC_WARN_UNUSED_FUNCTION = YES;
				GCC_WARN_UNUSED_VARIABLE = YES;
				IPHONEOS_DEPLOYMENT_TARGET = 8.3;
				MTL_ENABLE_DEBUG_INFO = YES;
				ONLY_ACTIVE_ARCH = YES;
				SDKROOT = iphoneos;
				SWIFT_OPTIMIZATION_LEVEL = "-Onone";
				TARGETED_DEVICE_FAMILY = "1,2";
			};
			name = Debug;
		};
		04E97C591B22BDCD009B2C0D /* Release */ = {
			isa = XCBuildConfiguration;
			buildSettings = {
				ALWAYS_SEARCH_USER_PATHS = NO;
				CLANG_CXX_LANGUAGE_STANDARD = "gnu++0x";
				CLANG_CXX_LIBRARY = "libc++";
				CLANG_ENABLE_MODULES = YES;
				CLANG_ENABLE_OBJC_ARC = YES;
				CLANG_WARN_BOOL_CONVERSION = YES;
				CLANG_WARN_CONSTANT_CONVERSION = YES;
				CLANG_WARN_DIRECT_OBJC_ISA_USAGE = YES_ERROR;
				CLANG_WARN_EMPTY_BODY = YES;
				CLANG_WARN_ENUM_CONVERSION = YES;
				CLANG_WARN_INT_CONVERSION = YES;
				CLANG_WARN_OBJC_ROOT_CLASS = YES_ERROR;
				CLANG_WARN_UNREACHABLE_CODE = YES;
				CLANG_WARN__DUPLICATE_METHOD_MATCH = YES;
				"CODE_SIGN_IDENTITY[sdk=iphoneos*]" = "iPhone Developer";
				COPY_PHASE_STRIP = NO;
				DEBUG_INFORMATION_FORMAT = "dwarf-with-dsym";
				ENABLE_NS_ASSERTIONS = NO;
				ENABLE_STRICT_OBJC_MSGSEND = YES;
				GCC_C_LANGUAGE_STANDARD = gnu99;
				GCC_NO_COMMON_BLOCKS = YES;
				GCC_WARN_64_TO_32_BIT_CONVERSION = YES;
				GCC_WARN_ABOUT_RETURN_TYPE = YES_ERROR;
				GCC_WARN_UNDECLARED_SELECTOR = YES;
				GCC_WARN_UNINITIALIZED_AUTOS = YES_AGGRESSIVE;
				GCC_WARN_UNUSED_FUNCTION = YES;
				GCC_WARN_UNUSED_VARIABLE = YES;
				IPHONEOS_DEPLOYMENT_TARGET = 8.3;
				MTL_ENABLE_DEBUG_INFO = NO;
				SDKROOT = iphoneos;
				TARGETED_DEVICE_FAMILY = "1,2";
				VALIDATE_PRODUCT = YES;
			};
			name = Release;
		};
		04E97C5B1B22BDCD009B2C0D /* Debug */ = {
			isa = XCBuildConfiguration;
			buildSettings = {
				ASSETCATALOG_COMPILER_APPICON_NAME = AppIcon;
				INFOPLIST_FILE = testing/Info.plist;
				LD_RUNPATH_SEARCH_PATHS = "$(inherited) @executable_path/Frameworks";
				PRODUCT_NAME = "$(TARGET_NAME)";
			};
			name = Debug;
		};
		04E97C5C1B22BDCD009B2C0D /* Release */ = {
			isa = XCBuildConfiguration;
			buildSettings = {
				ASSETCATALOG_COMPILER_APPICON_NAME = AppIcon;
				INFOPLIST_FILE = testing/Info.plist;
				LD_RUNPATH_SEARCH_PATHS = "$(inherited) @executable_path/Frameworks";
				PRODUCT_NAME = "$(TARGET_NAME)";
			};
			name = Release;
		};
		04E97C5E1B22BDCD009B2C0D /* Debug */ = {
			isa = XCBuildConfiguration;
			buildSettings = {
				BUNDLE_LOADER = "$(TEST_HOST)";
				FRAMEWORK_SEARCH_PATHS = (
					"$(SDKROOT)/Developer/Library/Frameworks",
					"$(inherited)",
				);
				GCC_PREPROCESSOR_DEFINITIONS = (
					"DEBUG=1",
					"$(inherited)",
				);
				INFOPLIST_FILE = testingTests/Info.plist;
				LD_RUNPATH_SEARCH_PATHS = "$(inherited) @executable_path/Frameworks @loader_path/Frameworks";
				PRODUCT_NAME = "$(TARGET_NAME)";
				TEST_HOST = "$(BUILT_PRODUCTS_DIR)/testing.app/testing";
			};
			name = Debug;
		};
		04E97C5F1B22BDCD009B2C0D /* Release */ = {
			isa = XCBuildConfiguration;
			buildSettings = {
				BUNDLE_LOADER = "$(TEST_HOST)";
				FRAMEWORK_SEARCH_PATHS = (
					"$(SDKROOT)/Developer/Library/Frameworks",
					"$(inherited)",
				);
				INFOPLIST_FILE = testingTests/Info.plist;
				LD_RUNPATH_SEARCH_PATHS = "$(inherited) @executable_path/Frameworks @loader_path/Frameworks";
				PRODUCT_NAME = "$(TARGET_NAME)";
				TEST_HOST = "$(BUILT_PRODUCTS_DIR)/testing.app/testing";
			};
			name = Release;
		};
/* End XCBuildConfiguration section */

/* Begin XCConfigurationList section */
		04E97C361B22BDCC009B2C0D /* Build configuration list for PBXProject "testing" */ = {
			isa = XCConfigurationList;
			buildConfigurations = (
				04E97C581B22BDCD009B2C0D /* Debug */,
				04E97C591B22BDCD009B2C0D /* Release */,
			);
			defaultConfigurationIsVisible = 0;
			defaultConfigurationName = Release;
		};
		04E97C5A1B22BDCD009B2C0D /* Build configuration list for PBXNativeTarget "testing" */ = {
			isa = XCConfigurationList;
			buildConfigurations = (
				04E97C5B1B22BDCD009B2C0D /* Debug */,
				04E97C5C1B22BDCD009B2C0D /* Release */,
			);
			defaultConfigurationIsVisible = 0;
		};
		04E97C5D1B22BDCD009B2C0D /* Build configuration list for PBXNativeTarget "testingTests" */ = {
			isa = XCConfigurationList;
			buildConfigurations = (
				04E97C5E1B22BDCD009B2C0D /* Debug */,
				04E97C5F1B22BDCD009B2C0D /* Release */,
			);
			defaultConfigurationIsVisible = 0;
		};
/* End XCConfigurationList section */
	};
	rootObject = 04E97C331B22BDCC009B2C0D /* Project object */;
}
